
Microsoft Visual Studio Solution File, Format Version 12.00
# Visual Studio Version 16
VisualStudioVersion = 16.0.30804.86
MinimumVisualStudioVersion = 10.0.40219.1
Project("{FAE04EC0-301F-11D3-BF4B-00C04F79EFBC}") = "DefiningClasses", "DefiningClasses-Exercise\DefiningClasses.csproj", "{A5B5A33B-04F7-4DEB-B3F1-606B7B72A6EC}"
EndProject
Project("{FAE04EC0-301F-11D3-BF4B-00C04F79EFBC}") = "DateModifier", "DateModifier\DateModifier.csproj", "{D6C4D6DC-9ED5-4329-B850-0B8172BC0AC9}"
EndProject
Project("{FAE04EC0-301F-11D3-BF4B-00C04F79EFBC}") = "SpeedRacing", "SpeedRacing\SpeedRacing.csproj", "{2324D108-991D-483C-8FE3-13C46586FB97}"
EndProject
Project("{FAE04EC0-301F-11D3-BF4B-00C04F79EFBC}") = "RawData", "RawData\RawData.csproj", "{7C0940F1-E8AF-4703-BEEC-C69E3C99A996}"
EndProject
Project("{FAE04EC0-301F-11D3-BF4B-00C04F79EFBC}") = "CarSalesman", "CarSalesman\CarSalesman.csproj", "{ACA13C87-3984-4B06-8825-B8970A5510CF}"
EndProject
Project("{FAE04EC0-301F-11D3-BF4B-00C04F79EFBC}") = "PokemonTrainer", "PokemonTrainer\PokemonTrainer.csproj", "{C2B034B3-A9B5-4FEC-9598-8A6194D6F232}"
EndProject
Project("{FAE04EC0-301F-11D3-BF4B-00C04F79EFBC}") = "SoftUniParking", "SoftUniParking\SoftUniParking.csproj", "{2536AC4F-B8D4-4F22-9BFC-323706CB7C1E}"
EndProject
Global
	GlobalSection(SolutionConfigurationPlatforms) = preSolution
		Debug|Any CPU = Debug|Any CPU
		Release|Any CPU = Release|Any CPU
	EndGlobalSection
	GlobalSection(ProjectConfigurationPlatforms) = postSolution
		{A5B5A33B-04F7-4DEB-B3F1-606B7B72A6EC}.Debug|Any CPU.ActiveCfg = Debug|Any CPU
		{A5B5A33B-04F7-4DEB-B3F1-606B7B72A6EC}.Debug|Any CPU.Build.0 = Debug|Any CPU
		{A5B5A33B-04F7-4DEB-B3F1-606B7B72A6EC}.Release|Any CPU.ActiveCfg = Release|Any CPU
		{A5B5A33B-04F7-4DEB-B3F1-606B7B72A6EC}.Release|Any CPU.Build.0 = Release|Any CPU
		{D6C4D6DC-9ED5-4329-B850-0B8172BC0AC9}.Debug|Any CPU.ActiveCfg = Debug|Any CPU
		{D6C4D6DC-9ED5-4329-B850-0B8172BC0AC9}.Debug|Any CPU.Build.0 = Debug|Any CPU
		{D6C4D6DC-9ED5-4329-B850-0B8172BC0AC9}.Release|Any CPU.ActiveCfg = Release|Any CPU
		{D6C4D6DC-9ED5-4329-B850-0B8172BC0AC9}.Release|Any CPU.Build.0 = Release|Any CPU
		{2324D108-991D-483C-8FE3-13C46586FB97}.Debug|Any CPU.ActiveCfg = Debug|Any CPU
		{2324D108-991D-483C-8FE3-13C46586FB97}.Debug|Any CPU.Build.0 = Debug|Any CPU
		{2324D108-991D-483C-8FE3-13C46586FB97}.Release|Any CPU.ActiveCfg = Release|Any CPU
		{2324D108-991D-483C-8FE3-13C46586FB97}.Release|Any CPU.Build.0 = Release|Any CPU
		{7C0940F1-E8AF-4703-BEEC-C69E3C99A996}.Debug|Any CPU.ActiveCfg = Debug|Any CPU
		{7C0940F1-E8AF-4703-BEEC-C69E3C99A996}.Debug|Any CPU.Build.0 = Debug|Any CPU
		{7C0940F1-E8AF-4703-BEEC-C69E3C99A996}.Release|Any CPU.ActiveCfg = Release|Any CPU
		{7C0940F1-E8AF-4703-BEEC-C69E3C99A996}.Release|Any CPU.Build.0 = Release|Any CPU
		{ACA13C87-3984-4B06-8825-B8970A5510CF}.Debug|Any CPU.ActiveCfg = Debug|Any CPU
		{ACA13C87-3984-4B06-8825-B8970A5510CF}.Debug|Any CPU.Build.0 = Debug|Any CPU
		{ACA13C87-3984-4B06-8825-B8970A5510CF}.Release|Any CPU.ActiveCfg = Release|Any CPU
		{ACA13C87-3984-4B06-8825-B8970A5510CF}.Release|Any CPU.Build.0 = Release|Any CPU
		{C2B034B3-A9B5-4FEC-9598-8A6194D6F232}.Debug|Any CPU.ActiveCfg = Debug|Any CPU
		{C2B034B3-A9B5-4FEC-9598-8A6194D6F232}.Debug|Any CPU.Build.0 = Debug|Any CPU
		{C2B034B3-A9B5-4FEC-9598-8A6194D6F232}.Release|Any CPU.ActiveCfg = Release|Any CPU
		{C2B034B3-A9B5-4FEC-9598-8A6194D6F232}.Release|Any CPU.Build.0 = Release|Any CPU
		{2536AC4F-B8D4-4F22-9BFC-323706CB7C1E}.Debug|Any CPU.ActiveCfg = Debug|Any CPU
		{2536AC4F-B8D4-4F22-9BFC-323706CB7C1E}.Debug|Any CPU.Build.0 = Debug|Any CPU
		{2536AC4F-B8D4-4F22-9BFC-323706CB7C1E}.Release|Any CPU.ActiveCfg = Release|Any CPU
		{2536AC4F-B8D4-4F22-9BFC-323706CB7C1E}.Release|Any CPU.Build.0 = Release|Any CPU
	EndGlobalSection
	GlobalSection(SolutionProperties) = preSolution
		HideSolutionNode = FALSE
	EndGlobalSection
	GlobalSection(ExtensibilityGlobals) = postSolution
		SolutionGuid = {071E9112-FEE1-463C-A088-53307D5D9C11}
	EndGlobalSection
EndGlobal
