
Microsoft Visual Studio Solution File, Format Version 12.00
# Visual Studio Version 16
VisualStudioVersion = 16.0.30804.86
MinimumVisualStudioVersion = 10.0.40219.1
Project("{FAE04EC0-301F-11D3-BF4B-00C04F79EFBC}") = "1.OldestFamilyMember", "1.OldestFamilyMember\1.OldestFamilyMember.csproj", "{C524D0FF-7F03-4FAE-A383-2FC1913EAD0A}"
EndProject
Project("{FAE04EC0-301F-11D3-BF4B-00C04F79EFBC}") = "InheritanceConstructors", "InheritanceConstructors\InheritanceConstructors.csproj", "{06B3BC04-3EA4-47AC-91D4-58AAFC8D3BA2}"
EndProject
Global
	GlobalSection(SolutionConfigurationPlatforms) = preSolution
		Debug|Any CPU = Debug|Any CPU
		Release|Any CPU = Release|Any CPU
	EndGlobalSection
	GlobalSection(ProjectConfigurationPlatforms) = postSolution
		{C524D0FF-7F03-4FAE-A383-2FC1913EAD0A}.Debug|Any CPU.ActiveCfg = Debug|Any CPU
		{C524D0FF-7F03-4FAE-A383-2FC1913EAD0A}.Debug|Any CPU.Build.0 = Debug|Any CPU
		{C524D0FF-7F03-4FAE-A383-2FC1913EAD0A}.Release|Any CPU.ActiveCfg = Release|Any CPU
		{C524D0FF-7F03-4FAE-A383-2FC1913EAD0A}.Release|Any CPU.Build.0 = Release|Any CPU
		{06B3BC04-3EA4-47AC-91D4-58AAFC8D3BA2}.Debug|Any CPU.ActiveCfg = Debug|Any CPU
		{06B3BC04-3EA4-47AC-91D4-58AAFC8D3BA2}.Debug|Any CPU.Build.0 = Debug|Any CPU
		{06B3BC04-3EA4-47AC-91D4-58AAFC8D3BA2}.Release|Any CPU.ActiveCfg = Release|Any CPU
		{06B3BC04-3EA4-47AC-91D4-58AAFC8D3BA2}.Release|Any CPU.Build.0 = Release|Any CPU
	EndGlobalSection
	GlobalSection(SolutionProperties) = preSolution
		HideSolutionNode = FALSE
	EndGlobalSection
	GlobalSection(ExtensibilityGlobals) = postSolution
		SolutionGuid = {BA6B6BFD-5BE8-464D-829A-7F782FCBCA2C}
	EndGlobalSection
EndGlobal
