
Microsoft Visual Studio Solution File, Format Version 12.00
# Visual Studio Version 16
VisualStudioVersion = 16.0.30804.86
MinimumVisualStudioVersion = 10.0.40219.1
Project("{FAE04EC0-301F-11D3-BF4B-00C04F79EFBC}") = "CarManufacturer", "CarManufacturer\CarManufacturer.csproj", "{C023EA72-1D60-4ABC-840F-87544DC677B9}"
EndProject
Global
	GlobalSection(SolutionConfigurationPlatforms) = preSolution
		Debug|Any CPU = Debug|Any CPU
		Release|Any CPU = Release|Any CPU
	EndGlobalSection
	GlobalSection(ProjectConfigurationPlatforms) = postSolution
		{C023EA72-1D60-4ABC-840F-87544DC677B9}.Debug|Any CPU.ActiveCfg = Debug|Any CPU
		{C023EA72-1D60-4ABC-840F-87544DC677B9}.Debug|Any CPU.Build.0 = Debug|Any CPU
		{C023EA72-1D60-4ABC-840F-87544DC677B9}.Release|Any CPU.ActiveCfg = Release|Any CPU
		{C023EA72-1D60-4ABC-840F-87544DC677B9}.Release|Any CPU.Build.0 = Release|Any CPU
	EndGlobalSection
	GlobalSection(SolutionProperties) = preSolution
		HideSolutionNode = FALSE
	EndGlobalSection
	GlobalSection(ExtensibilityGlobals) = postSolution
		SolutionGuid = {5DC95A9E-8778-4234-B8E8-B0E2399D2BD3}
	EndGlobalSection
EndGlobal
