
Microsoft Visual Studio Solution File, Format Version 12.00
# Visual Studio Version 16
VisualStudioVersion = 16.0.30804.86
MinimumVisualStudioVersion = 10.0.40219.1
Project("{FAE04EC0-301F-11D3-BF4B-00C04F79EFBC}") = "1.DefineBankAccountClass", "1.DefineBankAccountClass\1.DefineBankAccountClass.csproj", "{D47E837A-BCA7-48DD-B2EE-A42BE6C85DF3}"
EndProject
Global
	GlobalSection(SolutionConfigurationPlatforms) = preSolution
		Debug|Any CPU = Debug|Any CPU
		Release|Any CPU = Release|Any CPU
	EndGlobalSection
	GlobalSection(ProjectConfigurationPlatforms) = postSolution
		{D47E837A-BCA7-48DD-B2EE-A42BE6C85DF3}.Debug|Any CPU.ActiveCfg = Debug|Any CPU
		{D47E837A-BCA7-48DD-B2EE-A42BE6C85DF3}.Debug|Any CPU.Build.0 = Debug|Any CPU
		{D47E837A-BCA7-48DD-B2EE-A42BE6C85DF3}.Release|Any CPU.ActiveCfg = Release|Any CPU
		{D47E837A-BCA7-48DD-B2EE-A42BE6C85DF3}.Release|Any CPU.Build.0 = Release|Any CPU
	EndGlobalSection
	GlobalSection(SolutionProperties) = preSolution
		HideSolutionNode = FALSE
	EndGlobalSection
	GlobalSection(ExtensibilityGlobals) = postSolution
		SolutionGuid = {BFB1F96E-E9F1-459F-9646-CEFD2213FD50}
	EndGlobalSection
EndGlobal
